
Microsoft Visual Studio Solution File, Format Version 12.00
# Visual Studio Version 17
VisualStudioVersion = 17.10.35027.167
MinimumVisualStudioVersion = 10.0.40219.1
Project("{FAE04EC0-301F-11D3-BF4B-00C04F79EFBC}") = "Tesseract.Server", "Tesseract.Server\Tesseract.Server.csproj", "{AE5352EF-582E-4E47-9E4E-58AE408031CE}"
EndProject
Project("{54A90642-561A-4BB1-A94E-469ADEE60C69}") = "tesseract.client", "tesseract.client\tesseract.client.esproj", "{47264D36-F0C6-402E-9CBE-2FBE96341321}"
EndProject
Global
	GlobalSection(SolutionConfigurationPlatforms) = preSolution
		Debug|Any CPU = Debug|Any CPU
		Release|Any CPU = Release|Any CPU
	EndGlobalSection
	GlobalSection(ProjectConfigurationPlatforms) = postSolution
		{AE5352EF-582E-4E47-9E4E-58AE408031CE}.Debug|Any CPU.ActiveCfg = Debug|Any CPU
		{AE5352EF-582E-4E47-9E4E-58AE408031CE}.Debug|Any CPU.Build.0 = Debug|Any CPU
		{AE5352EF-582E-4E47-9E4E-58AE408031CE}.Release|Any CPU.ActiveCfg = Release|Any CPU
		{AE5352EF-582E-4E47-9E4E-58AE408031CE}.Release|Any CPU.Build.0 = Release|Any CPU
		{47264D36-F0C6-402E-9CBE-2FBE96341321}.Debug|Any CPU.ActiveCfg = Debug|Any CPU
		{47264D36-F0C6-402E-9CBE-2FBE96341321}.Debug|Any CPU.Build.0 = Debug|Any CPU
		{47264D36-F0C6-402E-9CBE-2FBE96341321}.Debug|Any CPU.Deploy.0 = Debug|Any CPU
		{47264D36-F0C6-402E-9CBE-2FBE96341321}.Release|Any CPU.ActiveCfg = Release|Any CPU
		{47264D36-F0C6-402E-9CBE-2FBE96341321}.Release|Any CPU.Build.0 = Release|Any CPU
		{47264D36-F0C6-402E-9CBE-2FBE96341321}.Release|Any CPU.Deploy.0 = Release|Any CPU
	EndGlobalSection
	GlobalSection(SolutionProperties) = preSolution
		HideSolutionNode = FALSE
	EndGlobalSection
	GlobalSection(ExtensibilityGlobals) = postSolution
		SolutionGuid = {B3B40F9A-C821-4DF3-AC9A-58D302D9D911}
	EndGlobalSection
EndGlobal
